code.cloudfoundry.org/bytefmt v0.0.0-20180906201452-2aa6f33b730c h1:VzwteSWGbW9mxXTEkH+kpnao5jbgLynw3hq742juQh8=
code.cloudfoundry.org/bytefmt v0.0.0-20180906201452-2aa6f33b730c/go.mod h1:wN/zk7mhREp/oviagqUXY3EwuHhWyOvAdsn5Y4CzOrc=
github.com/remeh/sizedwaitgroup v0.0.0-20180822144253-5e7302b12cce h1:aP+C+YbHZfOQlutA4p4soHi7rVUqHQdWEVMSkHfDTqY=
github.com/remeh/sizedwaitgroup v0.0.0-20180822144253-5e7302b12cce/go.mod h1:3j2R4OIe/SeS6YDhICBy22RWjJC5eNCJ1V+9+NVNYlo=
